
Microsoft Visual Studio Solution File, Format Version 12.00
# Visual Studio Version 17
VisualStudioVersion = 17.8.34408.163
MinimumVisualStudioVersion = 10.0.40219.1
Project("{2150E333-8FDC-42A3-9474-1A3956D46DE8}") = "src", "src", "{9E9488D1-9AAE-4C9F-B4A4-F680CA4D5609}"
EndProject
Project("{2150E333-8FDC-42A3-9474-1A3956D46DE8}") = "framework", "framework", "{48DBD7A9-17D8-4192-8529-9E0C5FE9655C}"
EndProject
Project("{9A19103F-16F7-4668-BE54-9A1E7A4F7556}") = "Ride23.Framework.Core", "framework\Ride23.Framework.Core\Ride23.Framework.Core.csproj", "{B6C67D65-66AE-451A-A008-08AB160D1E93}"
EndProject
Project("{9A19103F-16F7-4668-BE54-9A1E7A4F7556}") = "Ride23.Framework.Infrastructure", "framework\Ride23.Framework.Infrastructure\Ride23.Framework.Infrastructure.csproj", "{CD9B3199-EA4B-404D-AA1D-D4142F4B0A6E}"
EndProject
Project("{2150E333-8FDC-42A3-9474-1A3956D46DE8}") = "services", "services", "{0730EF19-988B-4621-8D99-38E4D9789078}"
EndProject
Project("{9A19103F-16F7-4668-BE54-9A1E7A4F7556}") = "Ride23.Framework.Persistence.EFCore", "framework\Ride23.Framework.Persistence.EFCore\Ride23.Framework.Persistence.EFCore.csproj", "{447BFD32-702D-44AB-AE87-2519C985CCA3}"
EndProject
Project("{9A19103F-16F7-4668-BE54-9A1E7A4F7556}") = "Ride23.Framework.Persistence.NoSQL", "framework\Ride23.Framework.Persistence.NoSQL\Ride23.Framework.Persistence.NoSQL.csproj", "{5B0AACC3-4FEB-464F-A5E5-816DF23CE074}"
EndProject
Project("{2150E333-8FDC-42A3-9474-1A3956D46DE8}") = "customer", "customer", "{818FB327-9757-4A42-B421-1F44F6F53841}"
EndProject
Project("{9A19103F-16F7-4668-BE54-9A1E7A4F7556}") = "Ride23.Customer.Domain", "src\services\customer\Ride23.Customer.Domain\Ride23.Customer.Domain.csproj", "{11B78DA8-C704-40FD-B480-AD66D4991563}"
EndProject
Project("{9A19103F-16F7-4668-BE54-9A1E7A4F7556}") = "Ride23.Customer.Application", "src\services\customer\Ride23.Customer.Application\Ride23.Customer.Application.csproj", "{1D399C1F-0152-4E35-BF92-8075A81DD730}"
EndProject
Project("{2150E333-8FDC-42A3-9474-1A3956D46DE8}") = "identity", "identity", "{016DDFF6-95C6-4651-8094-28A493568306}"
EndProject
Project("{9A19103F-16F7-4668-BE54-9A1E7A4F7556}") = "Ride23.Identity.Domain", "src\services\identity\Ride23.Identity.Domain\Ride23.Identity.Domain.csproj", "{83496B3E-BE7F-48C1-A214-4501F97DEBF9}"
EndProject
Project("{9A19103F-16F7-4668-BE54-9A1E7A4F7556}") = "Ride23.Identity.Application", "src\services\identity\Ride23.Identity.Application\Ride23.Identity.Application.csproj", "{1A513EDF-9E72-46EE-9B4A-C6E2EF51ED9F}"
EndProject
Project("{9A19103F-16F7-4668-BE54-9A1E7A4F7556}") = "Ride23.Identity.Infrastructure", "src\services\identity\Ride23.Identity.Infrastructure\Ride23.Identity.Infrastructure.csproj", "{A26B94E3-2585-4DC1-B734-E7176BB86ED4}"
EndProject
Project("{9A19103F-16F7-4668-BE54-9A1E7A4F7556}") = "Ride23.Identity.API", "src\services\identity\Ride23.Identity.API\Ride23.Identity.API.csproj", "{DB4791ED-D337-4281-875E-4301582BAEC1}"
EndProject
Project("{9A19103F-16F7-4668-BE54-9A1E7A4F7556}") = "Ride23.Customer.Infrastructure", "src\services\customer\Ride23.Customer.Infrastructure\Ride23.Customer.Infrastructure.csproj", "{BAD8A823-1D1B-4DC7-8795-E0BF90E25BE5}"
EndProject
Project("{9A19103F-16F7-4668-BE54-9A1E7A4F7556}") = "Ride23.Customer.API", "src\services\customer\Ride23.Customer.API\Ride23.Customer.API.csproj", "{F7ED7041-41E6-4D51-AB05-95B91F2359F5}"
EndProject
Project("{2150E333-8FDC-42A3-9474-1A3956D46DE8}") = "gateways", "gateways", "{6151272B-9FAA-469F-ADDE-5209A9C1EBED}"
EndProject
Project("{9A19103F-16F7-4668-BE54-9A1E7A4F7556}") = "Ride23.Gateway", "src\gateways\Ride23.Gateway\Ride23.Gateway.csproj", "{0B6C681D-A123-4987-B3A5-CC603BDC8C3A}"
EndProject
Project("{2150E333-8FDC-42A3-9474-1A3956D46DE8}") = "Solution Items", "Solution Items", "{DAD3BFE1-415A-47CF-8E20-A469BDF8B03D}"
	ProjectSection(SolutionItems) = preProject
		.dockerignore = .dockerignore
		.gitignore = .gitignore
		docker-compose.infrastructure.yml = docker-compose.infrastructure.yml
		docker-compose.override.yml = docker-compose.override.yml
		docker-compose.yml = docker-compose.yml
		Makefile = Makefile
		migration.ps1 = migration.ps1
		tye.yaml = tye.yaml
	EndProjectSection
EndProject
Project("{2150E333-8FDC-42A3-9474-1A3956D46DE8}") = "driver", "driver", "{C042B7C9-9628-42A8-A365-37E39DDBF929}"
EndProject
Project("{9A19103F-16F7-4668-BE54-9A1E7A4F7556}") = "Ride23.Driver.API", "src\services\driver\Ride23.Driver.API\Ride23.Driver.API.csproj", "{9FF15B5D-75B0-4F9B-83FA-4828B651C6ED}"
EndProject
Project("{9A19103F-16F7-4668-BE54-9A1E7A4F7556}") = "Ride23.Driver.Application", "src\services\driver\Ride23.Driver.Application\Ride23.Driver.Application.csproj", "{0C2E4118-D941-45F6-8AE8-C7D72A943C4A}"
EndProject
Project("{9A19103F-16F7-4668-BE54-9A1E7A4F7556}") = "Ride23.Driver.Domain", "src\services\driver\Ride23.Driver.Domain\Ride23.Driver.Domain.csproj", "{3ADE219C-168A-446F-B37F-1A72595C3A8A}"
EndProject
Project("{9A19103F-16F7-4668-BE54-9A1E7A4F7556}") = "Ride23.Driver.Infrastructure", "src\services\driver\Ride23.Driver.Infrastructure\Ride23.Driver.Infrastructure.csproj", "{DC01D967-D40A-455A-BC61-B5D2233FF198}"
EndProject
Project("{2150E333-8FDC-42A3-9474-1A3956D46DE8}") = "location", "location", "{4832D17E-4951-4801-8867-5FC6FF307A6C}"
EndProject
Project("{9A19103F-16F7-4668-BE54-9A1E7A4F7556}") = "Ride23.Location.API", "src\services\location\Ride23.Location.API\Ride23.Location.API.csproj", "{D88AF9A8-B2E2-40CD-A4FB-6EFB6551D338}"
EndProject
Project("{2150E333-8FDC-42A3-9474-1A3956D46DE8}") = "events", "events", "{8A68EDF0-7292-4D18-B7D5-4586CF63BD99}"
EndProject
Project("{9A19103F-16F7-4668-BE54-9A1E7A4F7556}") = "Ride23.Event", "src\shared\Ride23.Event\Ride23.Event.csproj", "{A6084D44-36FF-40B4-8B75-BFBBFBC5EFDF}"
EndProject
Project("{9A19103F-16F7-4668-BE54-9A1E7A4F7556}") = "Ride23.Grpc", "src\shared\Ride23.Grpc\Ride23.Grpc.csproj", "{4072E51B-EA49-420C-98E7-93E0CFDEB026}"
EndProject
Project("{2150E333-8FDC-42A3-9474-1A3956D46DE8}") = "shared", "shared", "{5C6EE76C-ADC2-4CB3-9A36-61BB8EF2C557}"
EndProject
Global
	GlobalSection(SolutionConfigurationPlatforms) = preSolution
		Debug|Any CPU = Debug|Any CPU
		Release|Any CPU = Release|Any CPU
	EndGlobalSection
	GlobalSection(ProjectConfigurationPlatforms) = postSolution
		{B6C67D65-66AE-451A-A008-08AB160D1E93}.Debug|Any CPU.ActiveCfg = Debug|Any CPU
		{B6C67D65-66AE-451A-A008-08AB160D1E93}.Debug|Any CPU.Build.0 = Debug|Any CPU
		{B6C67D65-66AE-451A-A008-08AB160D1E93}.Release|Any CPU.ActiveCfg = Release|Any CPU
		{B6C67D65-66AE-451A-A008-08AB160D1E93}.Release|Any CPU.Build.0 = Release|Any CPU
		{CD9B3199-EA4B-404D-AA1D-D4142F4B0A6E}.Debug|Any CPU.ActiveCfg = Debug|Any CPU
		{CD9B3199-EA4B-404D-AA1D-D4142F4B0A6E}.Debug|Any CPU.Build.0 = Debug|Any CPU
		{CD9B3199-EA4B-404D-AA1D-D4142F4B0A6E}.Release|Any CPU.ActiveCfg = Release|Any CPU
		{CD9B3199-EA4B-404D-AA1D-D4142F4B0A6E}.Release|Any CPU.Build.0 = Release|Any CPU
		{447BFD32-702D-44AB-AE87-2519C985CCA3}.Debug|Any CPU.ActiveCfg = Debug|Any CPU
		{447BFD32-702D-44AB-AE87-2519C985CCA3}.Debug|Any CPU.Build.0 = Debug|Any CPU
		{447BFD32-702D-44AB-AE87-2519C985CCA3}.Release|Any CPU.ActiveCfg = Release|Any CPU
		{447BFD32-702D-44AB-AE87-2519C985CCA3}.Release|Any CPU.Build.0 = Release|Any CPU
		{5B0AACC3-4FEB-464F-A5E5-816DF23CE074}.Debug|Any CPU.ActiveCfg = Debug|Any CPU
		{5B0AACC3-4FEB-464F-A5E5-816DF23CE074}.Debug|Any CPU.Build.0 = Debug|Any CPU
		{5B0AACC3-4FEB-464F-A5E5-816DF23CE074}.Release|Any CPU.ActiveCfg = Release|Any CPU
		{5B0AACC3-4FEB-464F-A5E5-816DF23CE074}.Release|Any CPU.Build.0 = Release|Any CPU
		{11B78DA8-C704-40FD-B480-AD66D4991563}.Debug|Any CPU.ActiveCfg = Debug|Any CPU
		{11B78DA8-C704-40FD-B480-AD66D4991563}.Debug|Any CPU.Build.0 = Debug|Any CPU
		{11B78DA8-C704-40FD-B480-AD66D4991563}.Release|Any CPU.ActiveCfg = Release|Any CPU
		{11B78DA8-C704-40FD-B480-AD66D4991563}.Release|Any CPU.Build.0 = Release|Any CPU
		{1D399C1F-0152-4E35-BF92-8075A81DD730}.Debug|Any CPU.ActiveCfg = Debug|Any CPU
		{1D399C1F-0152-4E35-BF92-8075A81DD730}.Debug|Any CPU.Build.0 = Debug|Any CPU
		{1D399C1F-0152-4E35-BF92-8075A81DD730}.Release|Any CPU.ActiveCfg = Release|Any CPU
		{1D399C1F-0152-4E35-BF92-8075A81DD730}.Release|Any CPU.Build.0 = Release|Any CPU
		{83496B3E-BE7F-48C1-A214-4501F97DEBF9}.Debug|Any CPU.ActiveCfg = Debug|Any CPU
		{83496B3E-BE7F-48C1-A214-4501F97DEBF9}.Debug|Any CPU.Build.0 = Debug|Any CPU
		{83496B3E-BE7F-48C1-A214-4501F97DEBF9}.Release|Any CPU.ActiveCfg = Release|Any CPU
		{83496B3E-BE7F-48C1-A214-4501F97DEBF9}.Release|Any CPU.Build.0 = Release|Any CPU
		{1A513EDF-9E72-46EE-9B4A-C6E2EF51ED9F}.Debug|Any CPU.ActiveCfg = Debug|Any CPU
		{1A513EDF-9E72-46EE-9B4A-C6E2EF51ED9F}.Debug|Any CPU.Build.0 = Debug|Any CPU
		{1A513EDF-9E72-46EE-9B4A-C6E2EF51ED9F}.Release|Any CPU.ActiveCfg = Release|Any CPU
		{1A513EDF-9E72-46EE-9B4A-C6E2EF51ED9F}.Release|Any CPU.Build.0 = Release|Any CPU
		{A26B94E3-2585-4DC1-B734-E7176BB86ED4}.Debug|Any CPU.ActiveCfg = Debug|Any CPU
		{A26B94E3-2585-4DC1-B734-E7176BB86ED4}.Debug|Any CPU.Build.0 = Debug|Any CPU
		{A26B94E3-2585-4DC1-B734-E7176BB86ED4}.Release|Any CPU.ActiveCfg = Release|Any CPU
		{A26B94E3-2585-4DC1-B734-E7176BB86ED4}.Release|Any CPU.Build.0 = Release|Any CPU
		{DB4791ED-D337-4281-875E-4301582BAEC1}.Debug|Any CPU.ActiveCfg = Debug|Any CPU
		{DB4791ED-D337-4281-875E-4301582BAEC1}.Debug|Any CPU.Build.0 = Debug|Any CPU
		{DB4791ED-D337-4281-875E-4301582BAEC1}.Release|Any CPU.ActiveCfg = Release|Any CPU
		{DB4791ED-D337-4281-875E-4301582BAEC1}.Release|Any CPU.Build.0 = Release|Any CPU
		{BAD8A823-1D1B-4DC7-8795-E0BF90E25BE5}.Debug|Any CPU.ActiveCfg = Debug|Any CPU
		{BAD8A823-1D1B-4DC7-8795-E0BF90E25BE5}.Debug|Any CPU.Build.0 = Debug|Any CPU
		{BAD8A823-1D1B-4DC7-8795-E0BF90E25BE5}.Release|Any CPU.ActiveCfg = Release|Any CPU
		{BAD8A823-1D1B-4DC7-8795-E0BF90E25BE5}.Release|Any CPU.Build.0 = Release|Any CPU
		{F7ED7041-41E6-4D51-AB05-95B91F2359F5}.Debug|Any CPU.ActiveCfg = Debug|Any CPU
		{F7ED7041-41E6-4D51-AB05-95B91F2359F5}.Debug|Any CPU.Build.0 = Debug|Any CPU
		{F7ED7041-41E6-4D51-AB05-95B91F2359F5}.Release|Any CPU.ActiveCfg = Release|Any CPU
		{F7ED7041-41E6-4D51-AB05-95B91F2359F5}.Release|Any CPU.Build.0 = Release|Any CPU
		{0B6C681D-A123-4987-B3A5-CC603BDC8C3A}.Debug|Any CPU.ActiveCfg = Debug|Any CPU
		{0B6C681D-A123-4987-B3A5-CC603BDC8C3A}.Debug|Any CPU.Build.0 = Debug|Any CPU
		{0B6C681D-A123-4987-B3A5-CC603BDC8C3A}.Release|Any CPU.ActiveCfg = Release|Any CPU
		{0B6C681D-A123-4987-B3A5-CC603BDC8C3A}.Release|Any CPU.Build.0 = Release|Any CPU
		{9FF15B5D-75B0-4F9B-83FA-4828B651C6ED}.Debug|Any CPU.ActiveCfg = Debug|Any CPU
		{9FF15B5D-75B0-4F9B-83FA-4828B651C6ED}.Debug|Any CPU.Build.0 = Debug|Any CPU
		{9FF15B5D-75B0-4F9B-83FA-4828B651C6ED}.Release|Any CPU.ActiveCfg = Release|Any CPU
		{9FF15B5D-75B0-4F9B-83FA-4828B651C6ED}.Release|Any CPU.Build.0 = Release|Any CPU
		{0C2E4118-D941-45F6-8AE8-C7D72A943C4A}.Debug|Any CPU.ActiveCfg = Debug|Any CPU
		{0C2E4118-D941-45F6-8AE8-C7D72A943C4A}.Debug|Any CPU.Build.0 = Debug|Any CPU
		{0C2E4118-D941-45F6-8AE8-C7D72A943C4A}.Release|Any CPU.ActiveCfg = Release|Any CPU
		{0C2E4118-D941-45F6-8AE8-C7D72A943C4A}.Release|Any CPU.Build.0 = Release|Any CPU
		{3ADE219C-168A-446F-B37F-1A72595C3A8A}.Debug|Any CPU.ActiveCfg = Debug|Any CPU
		{3ADE219C-168A-446F-B37F-1A72595C3A8A}.Debug|Any CPU.Build.0 = Debug|Any CPU
		{3ADE219C-168A-446F-B37F-1A72595C3A8A}.Release|Any CPU.ActiveCfg = Release|Any CPU
		{3ADE219C-168A-446F-B37F-1A72595C3A8A}.Release|Any CPU.Build.0 = Release|Any CPU
		{DC01D967-D40A-455A-BC61-B5D2233FF198}.Debug|Any CPU.ActiveCfg = Debug|Any CPU
		{DC01D967-D40A-455A-BC61-B5D2233FF198}.Debug|Any CPU.Build.0 = Debug|Any CPU
		{DC01D967-D40A-455A-BC61-B5D2233FF198}.Release|Any CPU.ActiveCfg = Release|Any CPU
		{DC01D967-D40A-455A-BC61-B5D2233FF198}.Release|Any CPU.Build.0 = Release|Any CPU
		{D88AF9A8-B2E2-40CD-A4FB-6EFB6551D338}.Debug|Any CPU.ActiveCfg = Debug|Any CPU
		{D88AF9A8-B2E2-40CD-A4FB-6EFB6551D338}.Debug|Any CPU.Build.0 = Debug|Any CPU
		{D88AF9A8-B2E2-40CD-A4FB-6EFB6551D338}.Release|Any CPU.ActiveCfg = Release|Any CPU
		{D88AF9A8-B2E2-40CD-A4FB-6EFB6551D338}.Release|Any CPU.Build.0 = Release|Any CPU
		{A6084D44-36FF-40B4-8B75-BFBBFBC5EFDF}.Debug|Any CPU.ActiveCfg = Debug|Any CPU
		{A6084D44-36FF-40B4-8B75-BFBBFBC5EFDF}.Debug|Any CPU.Build.0 = Debug|Any CPU
		{A6084D44-36FF-40B4-8B75-BFBBFBC5EFDF}.Release|Any CPU.ActiveCfg = Release|Any CPU
		{A6084D44-36FF-40B4-8B75-BFBBFBC5EFDF}.Release|Any CPU.Build.0 = Release|Any CPU
		{4072E51B-EA49-420C-98E7-93E0CFDEB026}.Debug|Any CPU.ActiveCfg = Debug|Any CPU
		{4072E51B-EA49-420C-98E7-93E0CFDEB026}.Debug|Any CPU.Build.0 = Debug|Any CPU
		{4072E51B-EA49-420C-98E7-93E0CFDEB026}.Release|Any CPU.ActiveCfg = Release|Any CPU
		{4072E51B-EA49-420C-98E7-93E0CFDEB026}.Release|Any CPU.Build.0 = Release|Any CPU
	EndGlobalSection
	GlobalSection(SolutionProperties) = preSolution
		HideSolutionNode = FALSE
	EndGlobalSection
	GlobalSection(NestedProjects) = preSolution
		{B6C67D65-66AE-451A-A008-08AB160D1E93} = {48DBD7A9-17D8-4192-8529-9E0C5FE9655C}
		{CD9B3199-EA4B-404D-AA1D-D4142F4B0A6E} = {48DBD7A9-17D8-4192-8529-9E0C5FE9655C}
		{0730EF19-988B-4621-8D99-38E4D9789078} = {9E9488D1-9AAE-4C9F-B4A4-F680CA4D5609}
		{447BFD32-702D-44AB-AE87-2519C985CCA3} = {48DBD7A9-17D8-4192-8529-9E0C5FE9655C}
		{5B0AACC3-4FEB-464F-A5E5-816DF23CE074} = {48DBD7A9-17D8-4192-8529-9E0C5FE9655C}
		{818FB327-9757-4A42-B421-1F44F6F53841} = {0730EF19-988B-4621-8D99-38E4D9789078}
		{11B78DA8-C704-40FD-B480-AD66D4991563} = {818FB327-9757-4A42-B421-1F44F6F53841}
		{1D399C1F-0152-4E35-BF92-8075A81DD730} = {818FB327-9757-4A42-B421-1F44F6F53841}
		{016DDFF6-95C6-4651-8094-28A493568306} = {0730EF19-988B-4621-8D99-38E4D9789078}
		{83496B3E-BE7F-48C1-A214-4501F97DEBF9} = {016DDFF6-95C6-4651-8094-28A493568306}
		{1A513EDF-9E72-46EE-9B4A-C6E2EF51ED9F} = {016DDFF6-95C6-4651-8094-28A493568306}
		{A26B94E3-2585-4DC1-B734-E7176BB86ED4} = {016DDFF6-95C6-4651-8094-28A493568306}
		{DB4791ED-D337-4281-875E-4301582BAEC1} = {016DDFF6-95C6-4651-8094-28A493568306}
		{BAD8A823-1D1B-4DC7-8795-E0BF90E25BE5} = {818FB327-9757-4A42-B421-1F44F6F53841}
		{F7ED7041-41E6-4D51-AB05-95B91F2359F5} = {818FB327-9757-4A42-B421-1F44F6F53841}
		{6151272B-9FAA-469F-ADDE-5209A9C1EBED} = {9E9488D1-9AAE-4C9F-B4A4-F680CA4D5609}
		{0B6C681D-A123-4987-B3A5-CC603BDC8C3A} = {6151272B-9FAA-469F-ADDE-5209A9C1EBED}
		{C042B7C9-9628-42A8-A365-37E39DDBF929} = {0730EF19-988B-4621-8D99-38E4D9789078}
		{9FF15B5D-75B0-4F9B-83FA-4828B651C6ED} = {C042B7C9-9628-42A8-A365-37E39DDBF929}
		{0C2E4118-D941-45F6-8AE8-C7D72A943C4A} = {C042B7C9-9628-42A8-A365-37E39DDBF929}
		{3ADE219C-168A-446F-B37F-1A72595C3A8A} = {C042B7C9-9628-42A8-A365-37E39DDBF929}
		{DC01D967-D40A-455A-BC61-B5D2233FF198} = {C042B7C9-9628-42A8-A365-37E39DDBF929}
		{4832D17E-4951-4801-8867-5FC6FF307A6C} = {0730EF19-988B-4621-8D99-38E4D9789078}
		{D88AF9A8-B2E2-40CD-A4FB-6EFB6551D338} = {4832D17E-4951-4801-8867-5FC6FF307A6C}
		{8A68EDF0-7292-4D18-B7D5-4586CF63BD99} = {9E9488D1-9AAE-4C9F-B4A4-F680CA4D5609}
		{A6084D44-36FF-40B4-8B75-BFBBFBC5EFDF} = {5C6EE76C-ADC2-4CB3-9A36-61BB8EF2C557}
		{4072E51B-EA49-420C-98E7-93E0CFDEB026} = {5C6EE76C-ADC2-4CB3-9A36-61BB8EF2C557}
		{5C6EE76C-ADC2-4CB3-9A36-61BB8EF2C557} = {9E9488D1-9AAE-4C9F-B4A4-F680CA4D5609}
	EndGlobalSection
	GlobalSection(ExtensibilityGlobals) = postSolution
		SolutionGuid = {0949B069-F30D-400D-A268-663BD7E3DB07}
	EndGlobalSection
EndGlobal
